lockfileVersion: '9.0'

settings:
  autoInstallPeers: true
  excludeLinksFromLockfile: false

importers:

  .: {}

  web/packages/contracts:
    devDependencies:
      typescript:
        specifier: 5.8.3
        version: 5.8.3

  web/packages/design-tokens:
    devDependencies:
      typescript:
        specifier: 5.8.3
        version: 5.8.3

  web/packages/http-client:
    dependencies:
      '@isarmg/contracts':
        specifier: workspace:0.2.0
        version: link:../contracts
    devDependencies:
      typescript:
        specifier: 5.8.3
        version: 5.8.3

packages:

  typescript@5.8.3:
    resolution: {integrity: sha512-p1diW6TqL9L07nNxvRMM7hMMw4c5XOo/1ibL4aAIGmSAt9slTE1Xgw5KWuof2uTOvCg9BY7ZRi+GaF+7sfgPeQ==}
    engines: {node: '>=14.17'}
    hasBin: true

snapshots:

  typescript@5.8.3: {}
